<?xml version="1.0" encoding="utf-8"?>
<Project ToolsVersion="4.0" xmlns="http://schemas.microsoft.com/developer/msbuild/2003">
  <ItemGroup>
    <Filter Include="ソース ファイル">
      <UniqueIdentifier>{4FC737F1-C7A5-4376-A066-2A32D752A2FF}</UniqueIdentifier>
      <Extensions>cpp;c;cc;cxx;c++;cppm;ixx;def;odl;idl;hpj;bat;asm;asmx</Extensions>
    </Filter>
    <Filter Include="ヘッダー ファイル">
      <UniqueIdentifier>{93995380-89BD-4b04-88EB-625FBE52EBFB}</UniqueIdentifier>
      <Extensions>h;hh;hpp;hxx;h++;hm;inl;inc;ipp;xsd</Extensions>
    </Filter>
    <Filter Include="リソース ファイル">
      <UniqueIdentifier>{67DA6AB6-F800-4c08-8B7A-83BB121AAD01}</UniqueIdentifier>
      <Extensions>rc;ico;cur;bmp;dlg;rc2;rct;bin;rgs;gif;jpg;jpeg;jpe;resx;tiff;tif;png;wav;mfcribbon-ms</Extensions>
    </Filter>
    <Filter Include="ソース ファイル\Application">
      <UniqueIdentifier>{4ad2cc0e-7706-4a98-9acd-ed0d71374f0f}</UniqueIdentifier>
    </Filter>
    <Filter Include="ソース ファイル\Material">
      <UniqueIdentifier>{7f7295e1-11c5-4fcf-b2d0-d49713f5a8ba}</UniqueIdentifier>
    </Filter>
    <Filter Include="ソース ファイル\Collision">
      <UniqueIdentifier>{717dc221-fc15-49f9-b0d5-d62019c4d7a3}</UniqueIdentifier>
    </Filter>
    <Filter Include="ソース ファイル\Input">
      <UniqueIdentifier>{6cbe3c17-1e75-43bb-9317-1ecdb8532a82}</UniqueIdentifier>
    </Filter>
    <Filter Include="ソース ファイル\Main">
      <UniqueIdentifier>{0142d8fe-34fd-42d8-8541-d869af2be0e2}</UniqueIdentifier>
    </Filter>
    <Filter Include="ソース ファイル\シーン">
      <UniqueIdentifier>{9044c0e9-c750-49fb-8a1d-7f10c6e4af67}</UniqueIdentifier>
    </Filter>
    <Filter Include="ソース ファイル\Renderer">
      <UniqueIdentifier>{955a6d0c-3595-4b16-953f-c8a037b6a9f9}</UniqueIdentifier>
    </Filter>
    <Filter Include="ソース ファイル\テクスチャ">
      <UniqueIdentifier>{bf29b7de-d694-4e3a-8e91-573c9d137358}</UniqueIdentifier>
    </Filter>
    <Filter Include="ソース ファイル\Object_3D">
      <UniqueIdentifier>{72e2abc6-8a32-4d8d-ad2d-b1420559655f}</UniqueIdentifier>
    </Filter>
    <Filter Include="ソース ファイル\Utility">
      <UniqueIdentifier>{8aaf5b51-186c-4fd3-bcad-11eb373a3ffc}</UniqueIdentifier>
    </Filter>
    <Filter Include="ソース ファイル\Game">
      <UniqueIdentifier>{80db628b-c9cc-4991-9596-21a9a6f7104e}</UniqueIdentifier>
    </Filter>
    <Filter Include="ソース ファイル\Shader">
      <UniqueIdentifier>{1758d506-91af-439c-b8b9-a04cf8b4163c}</UniqueIdentifier>
    </Filter>
    <Filter Include="ソース ファイル\Mesh">
      <UniqueIdentifier>{af26d4dd-b6ae-4885-a587-ba834f78f79d}</UniqueIdentifier>
    </Filter>
    <Filter Include="ソース ファイル\Object_3D\3Dモデル">
      <UniqueIdentifier>{0f6f61a0-f8cb-4c96-ad35-1f2b014f5391}</UniqueIdentifier>
    </Filter>
    <Filter Include="ソース ファイル\Buffer">
      <UniqueIdentifier>{194403f9-f0e4-427d-abc2-0d8c4348f9e7}</UniqueIdentifier>
    </Filter>
    <Filter Include="ソース ファイル\Object_3D\基本モデル">
      <UniqueIdentifier>{9bb8dd65-af6b-4698-b15b-ff0580ff83fb}</UniqueIdentifier>
    </Filter>
    <Filter Include="ソース ファイル\Assimp">
      <UniqueIdentifier>{21c22a92-0b91-4de2-a66e-ca50c8c5517e}</UniqueIdentifier>
    </Filter>
    <Filter Include="ソース ファイル\DX11Helper">
      <UniqueIdentifier>{8ba2af92-e19b-42f7-9429-652e55aad677}</UniqueIdentifier>
    </Filter>
    <Filter Include="ソース ファイル\stb_image">
      <UniqueIdentifier>{2711a2a1-8d44-4720-9f48-8b5cea718cbc}</UniqueIdentifier>
    </Filter>
    <Filter Include="ソース ファイル\Renderer\MeshRenderer">
      <UniqueIdentifier>{239cce81-ff18-4495-b2f6-a6014e670856}</UniqueIdentifier>
    </Filter>
    <Filter Include="ソース ファイル\カメラ">
      <UniqueIdentifier>{cd66ddac-9e4b-4fee-a867-0014c62b1a24}</UniqueIdentifier>
    </Filter>
    <Filter Include="ソース ファイル\シーン\ホール">
      <UniqueIdentifier>{e045d278-9fba-494b-9b00-1ae9ca0382c1}</UniqueIdentifier>
    </Filter>
  </ItemGroup>
  <ItemGroup>
    <ClCompile Include="Application.cpp">
      <Filter>ソース ファイル\Application</Filter>
    </ClCompile>
    <ClCompile Include="Camera.cpp">
      <Filter>ソース ファイル\カメラ</Filter>
    </ClCompile>
    <ClCompile Include="Collision.cpp">
      <Filter>ソース ファイル\Collision</Filter>
    </ClCompile>
    <ClCompile Include="input.cpp">
      <Filter>ソース ファイル\Input</Filter>
    </ClCompile>
    <ClCompile Include="main.cpp">
      <Filter>ソース ファイル\Main</Filter>
    </ClCompile>
    <ClCompile Include="Scene.cpp">
      <Filter>ソース ファイル\シーン</Filter>
    </ClCompile>
    <ClCompile Include="ResultScene.cpp">
      <Filter>ソース ファイル\シーン</Filter>
    </ClCompile>
    <ClCompile Include="TitleScene.cpp">
      <Filter>ソース ファイル\シーン</Filter>
    </ClCompile>
    <ClCompile Include="Renderer.cpp">
      <Filter>ソース ファイル\Renderer</Filter>
    </ClCompile>
    <ClCompile Include="Texture.cpp">
      <Filter>ソース ファイル\テクスチャ</Filter>
    </ClCompile>
    <ClCompile Include="Texture2D.cpp">
      <Filter>ソース ファイル\テクスチャ</Filter>
    </ClCompile>
    <ClCompile Include="utility.cpp">
      <Filter>ソース ファイル\Utility</Filter>
    </ClCompile>
    <ClCompile Include="Game.cpp">
      <Filter>ソース ファイル\Game</Filter>
    </ClCompile>
    <ClCompile Include="Shader.cpp">
      <Filter>ソース ファイル\Shader</Filter>
    </ClCompile>
    <ClCompile Include="StaticMesh.cpp">
      <Filter>ソース ファイル\Mesh</Filter>
    </ClCompile>
    <ClCompile Include="GolfBall.cpp">
      <Filter>ソース ファイル\Object_3D\3Dモデル</Filter>
    </ClCompile>
    <ClCompile Include="Arrow.cpp">
      <Filter>ソース ファイル\Object_3D\3Dモデル</Filter>
    </ClCompile>
    <ClCompile Include="Pole.cpp">
      <Filter>ソース ファイル\Object_3D\3Dモデル</Filter>
    </ClCompile>
    <ClCompile Include="Ground.cpp">
      <Filter>ソース ファイル\Object_3D\基本モデル</Filter>
    </ClCompile>
    <ClCompile Include="Object.cpp">
      <Filter>ソース ファイル\Object_3D\基本モデル</Filter>
    </ClCompile>
    <ClCompile Include="TestCube.cpp">
      <Filter>ソース ファイル\Object_3D\基本モデル</Filter>
    </ClCompile>
    <ClCompile Include="TestModel.cpp">
      <Filter>ソース ファイル\Object_3D\基本モデル</Filter>
    </ClCompile>
    <ClCompile Include="TestPlane.cpp">
      <Filter>ソース ファイル\Object_3D\基本モデル</Filter>
    </ClCompile>
    <ClCompile Include="AssimpPerse.cpp">
      <Filter>ソース ファイル\Assimp</Filter>
    </ClCompile>
    <ClCompile Include="dx11helper.cpp">
      <Filter>ソース ファイル\DX11Helper</Filter>
    </ClCompile>
    <ClCompile Include="stb_image.cpp">
      <Filter>ソース ファイル\stb_image</Filter>
    </ClCompile>
    <ClCompile Include="Hole1Scene.cpp">
      <Filter>ソース ファイル\シーン\ホール</Filter>
    </ClCompile>
    <ClCompile Include="Hole2Scene.cpp">
      <Filter>ソース ファイル\シーン\ホール</Filter>
    </ClCompile>
    <ClCompile Include="Sphere.cpp">
      <Filter>ソース ファイル\Object_3D\基本モデル</Filter>
    </ClCompile>
    <ClCompile Include="FadeAnimation.cpp">
      <Filter>ソース ファイル\テクスチャ</Filter>
    </ClCompile>
    <ClCompile Include="Hole3Scene.cpp">
      <Filter>ソース ファイル\シーン\ホール</Filter>
    </ClCompile>
  </ItemGroup>
  <ItemGroup>
    <ClInclude Include="Application.h">
      <Filter>ソース ファイル\Application</Filter>
    </ClInclude>
    <ClInclude Include="Camera.h">
      <Filter>ソース ファイル\カメラ</Filter>
    </ClInclude>
    <ClInclude Include="Material.h">
      <Filter>ソース ファイル\Material</Filter>
    </ClInclude>
    <ClInclude Include="Collision.h">
      <Filter>ソース ファイル\Collision</Filter>
    </ClInclude>
    <ClInclude Include="input.h">
      <Filter>ソース ファイル\Input</Filter>
    </ClInclude>
    <ClInclude Include="main.h">
      <Filter>ソース ファイル\Main</Filter>
    </ClInclude>
    <ClInclude Include="Scene.h">
      <Filter>ソース ファイル\シーン</Filter>
    </ClInclude>
    <ClInclude Include="ResultScene.h">
      <Filter>ソース ファイル\シーン</Filter>
    </ClInclude>
    <ClInclude Include="TitleScene.h">
      <Filter>ソース ファイル\シーン</Filter>
    </ClInclude>
    <ClInclude Include="Renderer.h">
      <Filter>ソース ファイル\Renderer</Filter>
    </ClInclude>
    <ClInclude Include="Texture2D.h">
      <Filter>ソース ファイル\テクスチャ</Filter>
    </ClInclude>
    <ClInclude Include="Texture.h">
      <Filter>ソース ファイル\テクスチャ</Filter>
    </ClInclude>
    <ClInclude Include="utility.h">
      <Filter>ソース ファイル\Utility</Filter>
    </ClInclude>
    <ClInclude Include="Game.h">
      <Filter>ソース ファイル\Game</Filter>
    </ClInclude>
    <ClInclude Include="Shader.h">
      <Filter>ソース ファイル\Shader</Filter>
    </ClInclude>
    <ClInclude Include="Mesh.h">
      <Filter>ソース ファイル\Mesh</Filter>
    </ClInclude>
    <ClInclude Include="StaticMesh.h">
      <Filter>ソース ファイル\Mesh</Filter>
    </ClInclude>
    <ClInclude Include="GolfBall.h">
      <Filter>ソース ファイル\Object_3D\3Dモデル</Filter>
    </ClInclude>
    <ClInclude Include="Arrow.h">
      <Filter>ソース ファイル\Object_3D\3Dモデル</Filter>
    </ClInclude>
    <ClInclude Include="Pole.h">
      <Filter>ソース ファイル\Object_3D\3Dモデル</Filter>
    </ClInclude>
    <ClInclude Include="IndexBuffer.h">
      <Filter>ソース ファイル\Buffer</Filter>
    </ClInclude>
    <ClInclude Include="VertexBuffer.h">
      <Filter>ソース ファイル\Buffer</Filter>
    </ClInclude>
    <ClInclude Include="Ground.h">
      <Filter>ソース ファイル\Object_3D\基本モデル</Filter>
    </ClInclude>
    <ClInclude Include="Object.h">
      <Filter>ソース ファイル\Object_3D\基本モデル</Filter>
    </ClInclude>
    <ClInclude Include="TestCube.h">
      <Filter>ソース ファイル\Object_3D\基本モデル</Filter>
    </ClInclude>
    <ClInclude Include="TestModel.h">
      <Filter>ソース ファイル\Object_3D\基本モデル</Filter>
    </ClInclude>
    <ClInclude Include="TestPlane.h">
      <Filter>ソース ファイル\Object_3D\基本モデル</Filter>
    </ClInclude>
    <ClInclude Include="AssimpPerse.h">
      <Filter>ソース ファイル\Assimp</Filter>
    </ClInclude>
    <ClInclude Include="stb_image.h">
      <Filter>ソース ファイル\stb_image</Filter>
    </ClInclude>
    <ClInclude Include="dx11helper.h">
      <Filter>ソース ファイル\DX11Helper</Filter>
    </ClInclude>
    <ClInclude Include="MeshRenderer.h">
      <Filter>ソース ファイル\Renderer\MeshRenderer</Filter>
    </ClInclude>
    <ClInclude Include="Hole1Scene.h">
      <Filter>ソース ファイル\シーン\ホール</Filter>
    </ClInclude>
    <ClInclude Include="Hole2Scene.h">
      <Filter>ソース ファイル\シーン\ホール</Filter>
    </ClInclude>
    <ClInclude Include="Sphere.h">
      <Filter>ソース ファイル\Object_3D\基本モデル</Filter>
    </ClInclude>
    <ClInclude Include="FadeAnimation.h">
      <Filter>ソース ファイル\テクスチャ</Filter>
    </ClInclude>
    <ClInclude Include="Hole3Scene.h">
      <Filter>ソース ファイル\シーン\ホール</Filter>
    </ClInclude>
  </ItemGroup>
  <ItemGroup>
    <FxCompile Include="shader\common.hlsl">
      <Filter>リソース ファイル</Filter>
    </FxCompile>
    <FxCompile Include="shader\unlitTexturePS.hlsl">
      <Filter>リソース ファイル</Filter>
    </FxCompile>
    <FxCompile Include="shader\unlitTextureVS.hlsl">
      <Filter>リソース ファイル</Filter>
    </FxCompile>
    <FxCompile Include="shader\litTexturePS.hlsl">
      <Filter>リソース ファイル</Filter>
    </FxCompile>
    <FxCompile Include="shader\litTextureVS.hlsl">
      <Filter>リソース ファイル</Filter>
    </FxCompile>
  </ItemGroup>
</Project>